{
  "name": "khani12-number-guessing-game",
  "version": "1.0.2",
  "lockfileVersion": 3,
  "requires": true,
  "packages": {
    "": {
      "name": "khani12-number-guessing-game",
      "version": "1.0.2",
      "license": "ISC",
      "dependencies": {
        "@types/inquirer": "^9.0.7",
        "git": "^0.1.5",
        "inquire": "^0.4.8"
      },
      "bin": {
        "khani12-number-guessing-game": "index.js"
      }
    },
    "node_modules/@types/inquirer": {
      "version": "9.0.7",
      "resolved": "https://registry.npmjs.org/@types/inquirer/-/inquirer-9.0.7.tgz",
      "integrity": "sha512-Q0zyBupO6NxGRZut/JdmqYKOnN95Eg5V8Csg3PGKkP+FnvsUZx1jAyK7fztIszxxMuoBA6E3KXWvdZVXIpx60g==",
      "dependencies": {
        "@types/through": "*",
        "rxjs": "^7.2.0"
      }
    },
    "node_modules/@types/node": {
      "version": "20.12.2",
      "resolved": "https://registry.npmjs.org/@types/node/-/node-20.12.2.tgz",
      "integrity": "sha512-zQ0NYO87hyN6Xrclcqp7f8ZbXNbRfoGWNcMvHTPQp9UUrwI0mI7XBz+cu7/W6/VClYo2g63B0cjull/srU7LgQ==",
      "dependencies": {
        "undici-types": "~5.26.4"
      }
    },
    "node_modules/@types/through": {
      "version": "0.0.33",
      "resolved": "https://registry.npmjs.org/@types/through/-/through-0.0.33.tgz",
      "integrity": "sha512-HsJ+z3QuETzP3cswwtzt2vEIiHBk/dCcHGhbmG5X3ecnwFD/lPrMpliGXxSCg03L9AhrdwA4Oz/qfspkDW+xGQ==",
      "dependencies": {
        "@types/node": "*"
      }
    },
    "node_modules/git": {
      "version": "0.1.5",
      "resolved": "https://registry.npmjs.org/git/-/git-0.1.5.tgz",
      "integrity": "sha512-N+bfOrXyKMU/fQtCj6D/U9MQOEN0DAA8TLHSLdUQRSWBOkeRvsjJHdrdkvcq05xO7GSDKWc3nDEGoTZ4DfCCSg==",
      "dependencies": {
        "mime": "1.2.9"
      },
      "engines": {
        "node": ">=0.4.0"
      }
    },
    "node_modules/inquire": {
      "version": "0.4.8",
      "resolved": "https://registry.npmjs.org/inquire/-/inquire-0.4.8.tgz",
      "integrity": "sha512-up9ueqKwPnuitvEqyOxBU1ggima7YsUywI00qEnYVnor9IissXbltZ86xi4VXKkci0/qWAtfMP/nu4oR4fUaEQ==",
      "engines": {
        "node": ">=0.8.22"
      }
    },
    "node_modules/mime": {
      "version": "1.2.9",
      "resolved": "https://registry.npmjs.org/mime/-/mime-1.2.9.tgz",
      "integrity": "sha512-WiLgbHTIq5AYUvU/Luli4mZ1bUcHpGNHyCsbl+KPMg4zt+XUDpQehWjuBjdLaEvDTinvKj/FgfQt3fPoT7j08g=="
    },
    "node_modules/rxjs": {
      "version": "7.8.1",
      "resolved": "https://registry.npmjs.org/rxjs/-/rxjs-7.8.1.tgz",
      "integrity": "sha512-AA3TVj+0A2iuIoQkWEK/tqFjBq2j+6PO6Y0zJcvzLAFhEFIO3HL0vls9hWLncZbAAbK0mar7oZ4V079I/qPMxg==",
      "dependencies": {
        "tslib": "^2.1.0"
      }
    },
    "node_modules/tslib": {
      "version": "2.6.2",
      "resolved": "https://registry.npmjs.org/tslib/-/tslib-2.6.2.tgz",
      "integrity": "sha512-AEYxH93jGFPn/a2iVAwW87VuUIkR1FVUKB77NwMF7nBTDkDrrT/Hpt/IrCJ0QXhW27jTBDcf5ZY7w6RiqTMw2Q=="
    },
    "node_modules/undici-types": {
      "version": "5.26.5",
      "resolved": "https://registry.npmjs.org/undici-types/-/undici-types-5.26.5.tgz",
      "integrity": "sha512-JlCMO+ehdEIKqlFxk6IfVoAUVmgz7cU7zD/h9XZ0qzeosSHmUJVOzSQvvYSYWXkFXC+IfLKSIffhv0sVZup6pA=="
    }
  }
}
